uuid: 20a13219-7228-4dac-8aed-83d6cbcfb312
langcode: en-gb
status: true
dependencies: {  }
_core:
  default_config_hash: aTx4hcF_KL7KXRHBx55Dgvyb8dtlV_sHHYFW7HxNdSo
id: disclaimer_block
label: 'Disclaimer block'
revision: false
description: 'A disclaimer block contains disclaimer and copyright text.'
